// !$*UTF8*$!
{
	archiveVersion = 1;
	classes = {
	};
	objectVersion = 46;
	objects = {

/* Begin PBXBuildFile section */
		60F4534C1D1C9CE700747BCE /* FFError.swift in Sources */ = {isa = PBXBuildFile; fileRef = 60F4534B1D1C9CE700747BCE /* FFError.swift */; };
		60F4534E1D1CA1B100747BCE /* FFErrorTest.swift in Sources */ = {isa = PBXBuildFile; fileRef = 60F4534D1D1CA1B100747BCE /* FFErrorTest.swift */; };
		60F4534F1D1CA45000747BCE /* FFError.swift in Sources */ = {isa = PBXBuildFile; fileRef = 60F4534B1D1C9CE700747BCE /* FFError.swift */; };
		60F453501D1CA46000747BCE /* FFAPIClient.swift in Sources */ = {isa = PBXBuildFile; fileRef = A42F17BC1D04FDF900570FBD /* FFAPIClient.swift */; };
		60F453511D1CA47000747BCE /* ServerPatternEnum.swift in Sources */ = {isa = PBXBuildFile; fileRef = A42F17BE1D05005700570FBD /* ServerPatternEnum.swift */; };
		60F453561D1CCFAF00747BCE /* FFRequester.swift in Sources */ = {isa = PBXBuildFile; fileRef = 60F453551D1CCFAF00747BCE /* FFRequester.swift */; };
		60F453571D1CCFAF00747BCE /* FFRequester.swift in Sources */ = {isa = PBXBuildFile; fileRef = 60F453551D1CCFAF00747BCE /* FFRequester.swift */; };
		60F453591D1CD13F00747BCE /* FFRequestListener.swift in Sources */ = {isa = PBXBuildFile; fileRef = 60F453581D1CD13F00747BCE /* FFRequestListener.swift */; };
		60F4535A1D1CD13F00747BCE /* FFRequestListener.swift in Sources */ = {isa = PBXBuildFile; fileRef = 60F453581D1CD13F00747BCE /* FFRequestListener.swift */; };
		60F4535C1D1CD37A00747BCE /* FFURLBuilder.swift in Sources */ = {isa = PBXBuildFile; fileRef = 60F4535B1D1CD37A00747BCE /* FFURLBuilder.swift */; };
		60F4535D1D1CD37A00747BCE /* FFURLBuilder.swift in Sources */ = {isa = PBXBuildFile; fileRef = 60F4535B1D1CD37A00747BCE /* FFURLBuilder.swift */; };
		60F4535F1D1CD4CD00747BCE /* FFJSONApiURLBuilder.swift in Sources */ = {isa = PBXBuildFile; fileRef = 60F4535E1D1CD4CD00747BCE /* FFJSONApiURLBuilder.swift */; };
		60F453601D1CD4CD00747BCE /* FFJSONApiURLBuilder.swift in Sources */ = {isa = PBXBuildFile; fileRef = 60F4535E1D1CD4CD00747BCE /* FFJSONApiURLBuilder.swift */; };
		60F453621D1CDC1400747BCE /* FFJSONApiURLBuilderTest.swift in Sources */ = {isa = PBXBuildFile; fileRef = 60F453611D1CDC1400747BCE /* FFJSONApiURLBuilderTest.swift */; };
		A42F17A61D04FDC700570FBD /* FalconAPIClientSDK.h in Headers */ = {isa = PBXBuildFile; fileRef = A42F17A51D04FDC700570FBD /* FalconAPIClientSDK.h */; settings = {ATTRIBUTES = (Public, ); }; };
		A42F17AD1D04FDC700570FBD /* FalconAPIClientSDK.framework in Frameworks */ = {isa = PBXBuildFile; fileRef = A42F17A21D04FDC700570FBD /* FalconAPIClientSDK.framework */; };
		A42F17B21D04FDC700570FBD /* FalconAPIClientSDKTests.swift in Sources */ = {isa = PBXBuildFile; fileRef = A42F17B11D04FDC700570FBD /* FalconAPIClientSDKTests.swift */; };
		A42F17BD1D04FDF900570FBD /* FFAPIClient.swift in Sources */ = {isa = PBXBuildFile; fileRef = A42F17BC1D04FDF900570FBD /* FFAPIClient.swift */; };
		A42F17BF1D05005700570FBD /* ServerPatternEnum.swift in Sources */ = {isa = PBXBuildFile; fileRef = A42F17BE1D05005700570FBD /* ServerPatternEnum.swift */; };
/* End PBXBuildFile section */

/* Begin PBXContainerItemProxy section */
		A42F17AE1D04FDC700570FBD /* PBXContainerItemProxy */ = {
			isa = PBXContainerItemProxy;
			containerPortal = A42F17991D04FDC700570FBD /* Project object */;
			proxyType = 1;
			remoteGlobalIDString = A42F17A11D04FDC700570FBD;
			remoteInfo = FalconAPIClientSDK;
		};
/* End PBXContainerItemProxy section */

/* Begin PBXFileReference section */
		60F4534B1D1C9CE700747BCE /* FFError.swift */ = {isa = PBXFileReference; fileEncoding = 4; lastKnownFileType = sourcecode.swift; path = FFError.swift; sourceTree = "<group>"; };
		60F4534D1D1CA1B100747BCE /* FFErrorTest.swift */ = {isa = PBXFileReference; fileEncoding = 4; lastKnownFileType = sourcecode.swift; path = FFErrorTest.swift; sourceTree = "<group>"; };
		60F453551D1CCFAF00747BCE /* FFRequester.swift */ = {isa = PBXFileReference; fileEncoding = 4; lastKnownFileType = sourcecode.swift; path = FFRequester.swift; sourceTree = "<group>"; };
		60F453581D1CD13F00747BCE /* FFRequestListener.swift */ = {isa = PBXFileReference; fileEncoding = 4; lastKnownFileType = sourcecode.swift; path = FFRequestListener.swift; sourceTree = "<group>"; };
		60F4535B1D1CD37A00747BCE /* FFURLBuilder.swift */ = {isa = PBXFileReference; fileEncoding = 4; lastKnownFileType = sourcecode.swift; path = FFURLBuilder.swift; sourceTree = "<group>"; };
		60F4535E1D1CD4CD00747BCE /* FFJSONApiURLBuilder.swift */ = {isa = PBXFileReference; fileEncoding = 4; lastKnownFileType = sourcecode.swift; path = FFJSONApiURLBuilder.swift; sourceTree = "<group>"; };
		60F453611D1CDC1400747BCE /* FFJSONApiURLBuilderTest.swift */ = {isa = PBXFileReference; fileEncoding = 4; lastKnownFileType = sourcecode.swift; path = FFJSONApiURLBuilderTest.swift; sourceTree = "<group>"; };
		A42F17A21D04FDC700570FBD /* FalconAPIClientSDK.framework */ = {isa = PBXFileReference; explicitFileType = wrapper.framework; includeInIndex = 0; path = FalconAPIClientSDK.framework; sourceTree = BUILT_PRODUCTS_DIR; };
		A42F17A51D04FDC700570FBD /* FalconAPIClientSDK.h */ = {isa = PBXFileReference; lastKnownFileType = sourcecode.c.h; path = FalconAPIClientSDK.h; sourceTree = "<group>"; };
		A42F17A71D04FDC700570FBD /* Info.plist */ = {isa = PBXFileReference; lastKnownFileType = text.plist.xml; path = Info.plist; sourceTree = "<group>"; };
		A42F17AC1D04FDC700570FBD /* FalconAPIClientSDKTests.xctest */ = {isa = PBXFileReference; explicitFileType = wrapper.cfbundle; includeInIndex = 0; path = FalconAPIClientSDKTests.xctest; sourceTree = BUILT_PRODUCTS_DIR; };
		A42F17B11D04FDC700570FBD /* FalconAPIClientSDKTests.swift */ = {isa = PBXFileReference; lastKnownFileType = sourcecode.swift; path = FalconAPIClientSDKTests.swift; sourceTree = "<group>"; };
		A42F17B31D04FDC700570FBD /* Info.plist */ = {isa = PBXFileReference; lastKnownFileType = text.plist.xml; path = Info.plist; sourceTree = "<group>"; };
		A42F17BC1D04FDF900570FBD /* FFAPIClient.swift */ = {isa = PBXFileReference; fileEncoding = 4; lastKnownFileType = sourcecode.swift; path = FFAPIClient.swift; sourceTree = "<group>"; };
		A42F17BE1D05005700570FBD /* ServerPatternEnum.swift */ = {isa = PBXFileReference; fileEncoding = 4; lastKnownFileType = sourcecode.swift; path = ServerPatternEnum.swift; sourceTree = "<group>"; };
/* End PBXFileReference section */

/* Begin PBXFrameworksBuildPhase section */
		A42F179E1D04FDC700570FBD /* Frameworks */ = {
			isa = PBXFrameworksBuildPhase;
			buildActionMask = 2147483647;
			files = (
			);
			runOnlyForDeploymentPostprocessing = 0;
		};
		A42F17A91D04FDC700570FBD /* Frameworks */ = {
			isa = PBXFrameworksBuildPhase;
			buildActionMask = 2147483647;
			files = (
				A42F17AD1D04FDC700570FBD /* FalconAPIClientSDK.framework in Frameworks */,
			);
			runOnlyForDeploymentPostprocessing = 0;
		};
/* End PBXFrameworksBuildPhase section */

/* Begin PBXGroup section */
		A42F17981D04FDC700570FBD = {
			isa = PBXGroup;
			children = (
				A42F17A41D04FDC700570FBD /* FalconAPIClientSDK */,
				A42F17B01D04FDC700570FBD /* FalconAPIClientSDKTests */,
				A42F17A31D04FDC700570FBD /* Products */,
			);
			sourceTree = "<group>";
		};
		A42F17A31D04FDC700570FBD /* Products */ = {
			isa = PBXGroup;
			children = (
				A42F17A21D04FDC700570FBD /* FalconAPIClientSDK.framework */,
				A42F17AC1D04FDC700570FBD /* FalconAPIClientSDKTests.xctest */,
			);
			name = Products;
			sourceTree = "<group>";
		};
		A42F17A41D04FDC700570FBD /* FalconAPIClientSDK */ = {
			isa = PBXGroup;
			children = (
				A42F17A51D04FDC700570FBD /* FalconAPIClientSDK.h */,
				A42F17A71D04FDC700570FBD /* Info.plist */,
				A42F17BC1D04FDF900570FBD /* FFAPIClient.swift */,
				A42F17BE1D05005700570FBD /* ServerPatternEnum.swift */,
				60F4534B1D1C9CE700747BCE /* FFError.swift */,
				60F453551D1CCFAF00747BCE /* FFRequester.swift */,
				60F453581D1CD13F00747BCE /* FFRequestListener.swift */,
				60F4535B1D1CD37A00747BCE /* FFURLBuilder.swift */,
				60F4535E1D1CD4CD00747BCE /* FFJSONApiURLBuilder.swift */,
			);
			path = FalconAPIClientSDK;
			sourceTree = "<group>";
		};
		A42F17B01D04FDC700570FBD /* FalconAPIClientSDKTests */ = {
			isa = PBXGroup;
			children = (
				A42F17B11D04FDC700570FBD /* FalconAPIClientSDKTests.swift */,
				A42F17B31D04FDC700570FBD /* Info.plist */,
				60F4534D1D1CA1B100747BCE /* FFErrorTest.swift */,
				60F453611D1CDC1400747BCE /* FFJSONApiURLBuilderTest.swift */,
			);
			path = FalconAPIClientSDKTests;
			sourceTree = "<group>";
		};
/* End PBXGroup section */

/* Begin PBXHeadersBuildPhase section */
		A42F179F1D04FDC700570FBD /* Headers */ = {
			isa = PBXHeadersBuildPhase;
			buildActionMask = 2147483647;
			files = (
				A42F17A61D04FDC700570FBD /* FalconAPIClientSDK.h in Headers */,
			);
			runOnlyForDeploymentPostprocessing = 0;
		};
/* End PBXHeadersBuildPhase section */

/* Begin PBXNativeTarget section */
		A42F17A11D04FDC700570FBD /* FalconAPIClientSDK */ = {
			isa = PBXNativeTarget;
			buildConfigurationList = A42F17B61D04FDC700570FBD /* Build configuration list for PBXNativeTarget "FalconAPIClientSDK" */;
			buildPhases = (
				A42F179D1D04FDC700570FBD /* Sources */,
				A42F179E1D04FDC700570FBD /* Frameworks */,
				A42F179F1D04FDC700570FBD /* Headers */,
				A42F17A01D04FDC700570FBD /* Resources */,
			);
			buildRules = (
			);
			dependencies = (
			);
			name = FalconAPIClientSDK;
			productName = FalconAPIClientSDK;
			productReference = A42F17A21D04FDC700570FBD /* FalconAPIClientSDK.framework */;
			productType = "com.apple.product-type.framework";
		};
		A42F17AB1D04FDC700570FBD /* FalconAPIClientSDKTests */ = {
			isa = PBXNativeTarget;
			buildConfigurationList = A42F17B91D04FDC700570FBD /* Build configuration list for PBXNativeTarget "FalconAPIClientSDKTests" */;
			buildPhases = (
				A42F17A81D04FDC700570FBD /* Sources */,
				A42F17A91D04FDC700570FBD /* Frameworks */,
				A42F17AA1D04FDC700570FBD /* Resources */,
			);
			buildRules = (
			);
			dependencies = (
				A42F17AF1D04FDC700570FBD /* PBXTargetDependency */,
			);
			name = FalconAPIClientSDKTests;
			productName = FalconAPIClientSDKTests;
			productReference = A42F17AC1D04FDC700570FBD /* FalconAPIClientSDKTests.xctest */;
			productType = "com.apple.product-type.bundle.unit-test";
		};
/* End PBXNativeTarget section */

/* Begin PBXProject section */
		A42F17991D04FDC700570FBD /* Project object */ = {
			isa = PBXProject;
			attributes = {
				LastSwiftUpdateCheck = 0730;
				LastUpgradeCheck = 0730;
				ORGANIZATIONNAME = Falcon;
				TargetAttributes = {
					A42F17A11D04FDC700570FBD = {
						CreatedOnToolsVersion = 7.3.1;
					};
					A42F17AB1D04FDC700570FBD = {
						CreatedOnToolsVersion = 7.3.1;
					};
				};
			};
			buildConfigurationList = A42F179C1D04FDC700570FBD /* Build configuration list for PBXProject "FalconAPIClientSDK" */;
			compatibilityVersion = "Xcode 3.2";
			developmentRegion = English;
			hasScannedForEncodings = 0;
			knownRegions = (
				en,
			);
			mainGroup = A42F17981D04FDC700570FBD;
			productRefGroup = A42F17A31D04FDC700570FBD /* Products */;
			projectDirPath = "";
			projectRoot = "";
			targets = (
				A42F17A11D04FDC700570FBD /* FalconAPIClientSDK */,
				A42F17AB1D04FDC700570FBD /* FalconAPIClientSDKTests */,
			);
		};
/* End PBXProject section */

/* Begin PBXResourcesBuildPhase section */
		A42F17A01D04FDC700570FBD /* Resources */ = {
			isa = PBXResourcesBuildPhase;
			buildActionMask = 2147483647;
			files = (
			);
			runOnlyForDeploymentPostprocessing = 0;
		};
		A42F17AA1D04FDC700570FBD /* Resources */ = {
			isa = PBXResourcesBuildPhase;
			buildActionMask = 2147483647;
			files = (
			);
			runOnlyForDeploymentPostprocessing = 0;
		};
/* End PBXResourcesBuildPhase section */

/* Begin PBXSourcesBuildPhase section */
		A42F179D1D04FDC700570FBD /* Sources */ = {
			isa = PBXSourcesBuildPhase;
			buildActionMask = 2147483647;
			files = (
				60F453561D1CCFAF00747BCE /* FFRequester.swift in Sources */,
				60F4535C1D1CD37A00747BCE /* FFURLBuilder.swift in Sources */,
				60F4534C1D1C9CE700747BCE /* FFError.swift in Sources */,
				A42F17BF1D05005700570FBD /* ServerPatternEnum.swift in Sources */,
				60F453591D1CD13F00747BCE /* FFRequestListener.swift in Sources */,
				A42F17BD1D04FDF900570FBD /* FFAPIClient.swift in Sources */,
				60F4535F1D1CD4CD00747BCE /* FFJSONApiURLBuilder.swift in Sources */,
			);
			runOnlyForDeploymentPostprocessing = 0;
		};
		A42F17A81D04FDC700570FBD /* Sources */ = {
			isa = PBXSourcesBuildPhase;
			buildActionMask = 2147483647;
			files = (
				60F4535A1D1CD13F00747BCE /* FFRequestListener.swift in Sources */,
				60F453571D1CCFAF00747BCE /* FFRequester.swift in Sources */,
				60F4534E1D1CA1B100747BCE /* FFErrorTest.swift in Sources */,
				60F4535D1D1CD37A00747BCE /* FFURLBuilder.swift in Sources */,
				60F453621D1CDC1400747BCE /* FFJSONApiURLBuilderTest.swift in Sources */,
				A42F17B21D04FDC700570FBD /* FalconAPIClientSDKTests.swift in Sources */,
				60F453501D1CA46000747BCE /* FFAPIClient.swift in Sources */,
				60F4534F1D1CA45000747BCE /* FFError.swift in Sources */,
				60F453511D1CA47000747BCE /* ServerPatternEnum.swift in Sources */,
				60F453601D1CD4CD00747BCE /* FFJSONApiURLBuilder.swift in Sources */,
			);
			runOnlyForDeploymentPostprocessing = 0;
		};
/* End PBXSourcesBuildPhase section */

/* Begin PBXTargetDependency section */
		A42F17AF1D04FDC700570FBD /* PBXTargetDependency */ = {
			isa = PBXTargetDependency;
			target = A42F17A11D04FDC700570FBD /* FalconAPIClientSDK */;
			targetProxy = A42F17AE1D04FDC700570FBD /* PBXContainerItemProxy */;
		};
/* End PBXTargetDependency section */

/* Begin XCBuildConfiguration section */
		A42F17B41D04FDC700570FBD /* Debug */ = {
			isa = XCBuildConfiguration;
			buildSettings = {
				ALWAYS_SEARCH_USER_PATHS = NO;
				CLANG_ANALYZER_NONNULL = YES;
				CLANG_CXX_LANGUAGE_STANDARD = "gnu++0x";
				CLANG_CXX_LIBRARY = "libc++";
				CLANG_ENABLE_MODULES = YES;
				CLANG_ENABLE_OBJC_ARC = YES;
				CLANG_WARN_BOOL_CONVERSION = YES;
				CLANG_WARN_CONSTANT_CONVERSION = YES;
				CLANG_WARN_DIRECT_OBJC_ISA_USAGE = YES_ERROR;
				CLANG_WARN_EMPTY_BODY = YES;
				CLANG_WARN_ENUM_CONVERSION = YES;
				CLANG_WARN_INT_CONVERSION = YES;
				CLANG_WARN_OBJC_ROOT_CLASS = YES_ERROR;
				CLANG_WARN_UNREACHABLE_CODE = YES;
				CLANG_WARN__DUPLICATE_METHOD_MATCH = YES;
				"CODE_SIGN_IDENTITY[sdk=iphoneos*]" = "iPhone Developer";
				COPY_PHASE_STRIP = NO;
				CURRENT_PROJECT_VERSION = 1;
				DEBUG_INFORMATION_FORMAT = dwarf;
				ENABLE_STRICT_OBJC_MSGSEND = YES;
				ENABLE_TESTABILITY = YES;
				GCC_C_LANGUAGE_STANDARD = gnu99;
				GCC_DYNAMIC_NO_PIC = NO;
				GCC_NO_COMMON_BLOCKS = YES;
				GCC_OPTIMIZATION_LEVEL = 0;
				GCC_PREPROCESSOR_DEFINITIONS = (
					"DEBUG=1",
					"$(inherited)",
				);
				GCC_WARN_64_TO_32_BIT_CONVERSION = YES;
				GCC_WARN_ABOUT_RETURN_TYPE = YES_ERROR;
				GCC_WARN_UNDECLARED_SELECTOR = YES;
				GCC_WARN_UNINITIALIZED_AUTOS = YES_AGGRESSIVE;
				GCC_WARN_UNUSED_FUNCTION = YES;
				GCC_WARN_UNUSED_VARIABLE = YES;
				IPHONEOS_DEPLOYMENT_TARGET = 9.3;
				MTL_ENABLE_DEBUG_INFO = YES;
				ONLY_ACTIVE_ARCH = YES;
				SDKROOT = iphoneos;
				SWIFT_OPTIMIZATION_LEVEL = "-Onone";
				TARGETED_DEVICE_FAMILY = "1,2";
				VERSIONING_SYSTEM = "apple-generic";
				VERSION_INFO_PREFIX = "";
			};
			name = Debug;
		};
		A42F17B51D04FDC700570FBD /* Release */ = {
			isa = XCBuildConfiguration;
			buildSettings = {
				ALWAYS_SEARCH_USER_PATHS = NO;
				CLANG_ANALYZER_NONNULL = YES;
				CLANG_CXX_LANGUAGE_STANDARD = "gnu++0x";
				CLANG_CXX_LIBRARY = "libc++";
				CLANG_ENABLE_MODULES = YES;
				CLANG_ENABLE_OBJC_ARC = YES;
				CLANG_WARN_BOOL_CONVERSION = YES;
				CLANG_WARN_CONSTANT_CONVERSION = YES;
				CLANG_WARN_DIRECT_OBJC_ISA_USAGE = YES_ERROR;
				CLANG_WARN_EMPTY_BODY = YES;
				CLANG_WARN_ENUM_CONVERSION = YES;
				CLANG_WARN_INT_CONVERSION = YES;
				CLANG_WARN_OBJC_ROOT_CLASS = YES_ERROR;
				CLANG_WARN_UNREACHABLE_CODE = YES;
				CLANG_WARN__DUPLICATE_METHOD_MATCH = YES;
				"CODE_SIGN_IDENTITY[sdk=iphoneos*]" = "iPhone Developer";
				COPY_PHASE_STRIP = NO;
				CURRENT_PROJECT_VERSION = 1;
				DEBUG_INFORMATION_FORMAT = "dwarf-with-dsym";
				ENABLE_NS_ASSERTIONS = NO;
				ENABLE_STRICT_OBJC_MSGSEND = YES;
				GCC_C_LANGUAGE_STANDARD = gnu99;
				GCC_NO_COMMON_BLOCKS = YES;
				GCC_WARN_64_TO_32_BIT_CONVERSION = YES;
				GCC_WARN_ABOUT_RETURN_TYPE = YES_ERROR;
				GCC_WARN_UNDECLARED_SELECTOR = YES;
				GCC_WARN_UNINITIALIZED_AUTOS = YES_AGGRESSIVE;
				GCC_WARN_UNUSED_FUNCTION = YES;
				GCC_WARN_UNUSED_VARIABLE = YES;
				IPHONEOS_DEPLOYMENT_TARGET = 9.3;
				MTL_ENABLE_DEBUG_INFO = NO;
				SDKROOT = iphoneos;
				TARGETED_DEVICE_FAMILY = "1,2";
				VALIDATE_PRODUCT = YES;
				VERSIONING_SYSTEM = "apple-generic";
				VERSION_INFO_PREFIX = "";
			};
			name = Release;
		};
		A42F17B71D04FDC700570FBD /* Debug */ = {
			isa = XCBuildConfiguration;
			buildSettings = {
				CLANG_ENABLE_MODULES = YES;
				DEFINES_MODULE = YES;
				DYLIB_COMPATIBILITY_VERSION = 1;
				DYLIB_CURRENT_VERSION = 1;
				DYLIB_INSTALL_NAME_BASE = "@rpath";
				INFOPLIST_FILE = FalconAPIClientSDK/Info.plist;
				INSTALL_PATH = "$(LOCAL_LIBRARY_DIR)/Frameworks";
				LD_RUNPATH_SEARCH_PATHS = "$(inherited) @executable_path/Frameworks @loader_path/Frameworks";
				PRODUCT_BUNDLE_IDENTIFIER = FF.FalconAPIClientSDK;
				PRODUCT_NAME = "$(TARGET_NAME)";
				SKIP_INSTALL = YES;
				SWIFT_OPTIMIZATION_LEVEL = "-Onone";
			};
			name = Debug;
		};
		A42F17B81D04FDC700570FBD /* Release */ = {
			isa = XCBuildConfiguration;
			buildSettings = {
				CLANG_ENABLE_MODULES = YES;
				DEFINES_MODULE = YES;
				DYLIB_COMPATIBILITY_VERSION = 1;
				DYLIB_CURRENT_VERSION = 1;
				DYLIB_INSTALL_NAME_BASE = "@rpath";
				INFOPLIST_FILE = FalconAPIClientSDK/Info.plist;
				INSTALL_PATH = "$(LOCAL_LIBRARY_DIR)/Frameworks";
				LD_RUNPATH_SEARCH_PATHS = "$(inherited) @executable_path/Frameworks @loader_path/Frameworks";
				PRODUCT_BUNDLE_IDENTIFIER = FF.FalconAPIClientSDK;
				PRODUCT_NAME = "$(TARGET_NAME)";
				SKIP_INSTALL = YES;
			};
			name = Release;
		};
		A42F17BA1D04FDC700570FBD /* Debug */ = {
			isa = XCBuildConfiguration;
			buildSettings = {
				INFOPLIST_FILE = FalconAPIClientSDKTests/Info.plist;
				LD_RUNPATH_SEARCH_PATHS = "$(inherited) @executable_path/Frameworks @loader_path/Frameworks";
				PRODUCT_BUNDLE_IDENTIFIER = FF.FalconAPIClientSDKTests;
				PRODUCT_NAME = "$(TARGET_NAME)";
			};
			name = Debug;
		};
		A42F17BB1D04FDC700570FBD /* Release */ = {
			isa = XCBuildConfiguration;
			buildSettings = {
				INFOPLIST_FILE = FalconAPIClientSDKTests/Info.plist;
				LD_RUNPATH_SEARCH_PATHS = "$(inherited) @executable_path/Frameworks @loader_path/Frameworks";
				PRODUCT_BUNDLE_IDENTIFIER = FF.FalconAPIClientSDKTests;
				PRODUCT_NAME = "$(TARGET_NAME)";
			};
			name = Release;
		};
/* End XCBuildConfiguration section */

/* Begin XCConfigurationList section */
		A42F179C1D04FDC700570FBD /* Build configuration list for PBXProject "FalconAPIClientSDK" */ = {
			isa = XCConfigurationList;
			buildConfigurations = (
				A42F17B41D04FDC700570FBD /* Debug */,
				A42F17B51D04FDC700570FBD /* Release */,
			);
			defaultConfigurationIsVisible = 0;
			defaultConfigurationName = Release;
		};
		A42F17B61D04FDC700570FBD /* Build configuration list for PBXNativeTarget "FalconAPIClientSDK" */ = {
			isa = XCConfigurationList;
			buildConfigurations = (
				A42F17B71D04FDC700570FBD /* Debug */,
				A42F17B81D04FDC700570FBD /* Release */,
			);
			defaultConfigurationIsVisible = 0;
			defaultConfigurationName = Release;
		};
		A42F17B91D04FDC700570FBD /* Build configuration list for PBXNativeTarget "FalconAPIClientSDKTests" */ = {
			isa = XCConfigurationList;
			buildConfigurations = (
				A42F17BA1D04FDC700570FBD /* Debug */,
				A42F17BB1D04FDC700570FBD /* Release */,
			);
			defaultConfigurationIsVisible = 0;
			defaultConfigurationName = Release;
		};
/* End XCConfigurationList section */
	};
	rootObject = A42F17991D04FDC700570FBD /* Project object */;
}
