// !$*UTF8*$!
{
	archiveVersion = 1;
	classes = {
	};
	objectVersion = 46;
	objects = {

/* Begin PBXBuildFile section */
		A46F85EC1D04FA4B00A77ACC /* FalconIOSFramework.h in CopyFiles */ = {isa = PBXBuildFile; fileRef = A46F85EB1D04FA4B00A77ACC /* FalconIOSFramework.h */; };
		A46F85EE1D04FA4B00A77ACC /* FalconIOSFramework.m in Sources */ = {isa = PBXBuildFile; fileRef = A46F85ED1D04FA4B00A77ACC /* FalconIOSFramework.m */; };
/* End PBXBuildFile section */

/* Begin PBXCopyFilesBuildPhase section */
		A46F85E61D04FA4B00A77ACC /* CopyFiles */ = {
			isa = PBXCopyFilesBuildPhase;
			buildActionMask = 2147483647;
			dstPath = "include/$(PRODUCT_NAME)";
			dstSubfolderSpec = 16;
			files = (
				A46F85EC1D04FA4B00A77ACC /* FalconIOSFramework.h in CopyFiles */,
			);
			runOnlyForDeploymentPostprocessing = 0;
		};
/* End PBXCopyFilesBuildPhase section */

/* Begin PBXFileReference section */
		A46F85E81D04FA4B00A77ACC /* libFalconIOSFramework.a */ = {isa = PBXFileReference; explicitFileType = archive.ar; includeInIndex = 0; path = libFalconIOSFramework.a; sourceTree = BUILT_PRODUCTS_DIR; };
		A46F85EB1D04FA4B00A77ACC /* FalconIOSFramework.h */ = {isa = PBXFileReference; lastKnownFileType = sourcecode.c.h; path = FalconIOSFramework.h; sourceTree = "<group>"; };
		A46F85ED1D04FA4B00A77ACC /* FalconIOSFramework.m */ = {isa = PBXFileReference; lastKnownFileType = sourcecode.c.objc; path = FalconIOSFramework.m; sourceTree = "<group>"; };
/* End PBXFileReference section */

/* Begin PBXFrameworksBuildPhase section */
		A46F85E51D04FA4B00A77ACC /* Frameworks */ = {
			isa = PBXFrameworksBuildPhase;
			buildActionMask = 2147483647;
			files = (
			);
			runOnlyForDeploymentPostprocessing = 0;
		};
/* End PBXFrameworksBuildPhase section */

/* Begin PBXGroup section */
		A46F85DF1D04FA4B00A77ACC = {
			isa = PBXGroup;
			children = (
				A46F85EA1D04FA4B00A77ACC /* FalconIOSFramework */,
				A46F85E91D04FA4B00A77ACC /* Products */,
			);
			sourceTree = "<group>";
		};
		A46F85E91D04FA4B00A77ACC /* Products */ = {
			isa = PBXGroup;
			children = (
				A46F85E81D04FA4B00A77ACC /* libFalconIOSFramework.a */,
			);
			name = Products;
			sourceTree = "<group>";
		};
		A46F85EA1D04FA4B00A77ACC /* FalconIOSFramework */ = {
			isa = PBXGroup;
			children = (
				A46F85EB1D04FA4B00A77ACC /* FalconIOSFramework.h */,
				A46F85ED1D04FA4B00A77ACC /* FalconIOSFramework.m */,
			);
			path = FalconIOSFramework;
			sourceTree = "<group>";
		};
/* End PBXGroup section */

/* Begin PBXNativeTarget section */
		A46F85E71D04FA4B00A77ACC /* FalconIOSFramework */ = {
			isa = PBXNativeTarget;
			buildConfigurationList = A46F85F11D04FA4B00A77ACC /* Build configuration list for PBXNativeTarget "FalconIOSFramework" */;
			buildPhases = (
				A46F85E41D04FA4B00A77ACC /* Sources */,
				A46F85E51D04FA4B00A77ACC /* Frameworks */,
				A46F85E61D04FA4B00A77ACC /* CopyFiles */,
			);
			buildRules = (
			);
			dependencies = (
			);
			name = FalconIOSFramework;
			productName = FalconIOSFramework;
			productReference = A46F85E81D04FA4B00A77ACC /* libFalconIOSFramework.a */;
			productType = "com.apple.product-type.library.static";
		};
/* End PBXNativeTarget section */

/* Begin PBXProject section */
		A46F85E01D04FA4B00A77ACC /* Project object */ = {
			isa = PBXProject;
			attributes = {
				LastUpgradeCheck = 0730;
				ORGANIZATIONNAME = Falcon;
				TargetAttributes = {
					A46F85E71D04FA4B00A77ACC = {
						CreatedOnToolsVersion = 7.3.1;
					};
				};
			};
			buildConfigurationList = A46F85E31D04FA4B00A77ACC /* Build configuration list for PBXProject "FalconIOSFramework" */;
			compatibilityVersion = "Xcode 3.2";
			developmentRegion = English;
			hasScannedForEncodings = 0;
			knownRegions = (
				en,
			);
			mainGroup = A46F85DF1D04FA4B00A77ACC;
			productRefGroup = A46F85E91D04FA4B00A77ACC /* Products */;
			projectDirPath = "";
			projectRoot = "";
			targets = (
				A46F85E71D04FA4B00A77ACC /* FalconIOSFramework */,
			);
		};
/* End PBXProject section */

/* Begin PBXSourcesBuildPhase section */
		A46F85E41D04FA4B00A77ACC /* Sources */ = {
			isa = PBXSourcesBuildPhase;
			buildActionMask = 2147483647;
			files = (
				A46F85EE1D04FA4B00A77ACC /* FalconIOSFramework.m in Sources */,
			);
			runOnlyForDeploymentPostprocessing = 0;
		};
/* End PBXSourcesBuildPhase section */

/* Begin XCBuildConfiguration section */
		A46F85EF1D04FA4B00A77ACC /* Debug */ = {
			isa = XCBuildConfiguration;
			buildSettings = {
				ALWAYS_SEARCH_USER_PATHS = NO;
				CLANG_ANALYZER_NONNULL = YES;
				CLANG_CXX_LANGUAGE_STANDARD = "gnu++0x";
				CLANG_CXX_LIBRARY = "libc++";
				CLANG_ENABLE_MODULES = YES;
				CLANG_ENABLE_OBJC_ARC = YES;
				CLANG_WARN_BOOL_CONVERSION = YES;
				CLANG_WARN_CONSTANT_CONVERSION = YES;
				CLANG_WARN_DIRECT_OBJC_ISA_USAGE = YES_ERROR;
				CLANG_WARN_EMPTY_BODY = YES;
				CLANG_WARN_ENUM_CONVERSION = YES;
				CLANG_WARN_INT_CONVERSION = YES;
				CLANG_WARN_OBJC_ROOT_CLASS = YES_ERROR;
				CLANG_WARN_UNREACHABLE_CODE = YES;
				CLANG_WARN__DUPLICATE_METHOD_MATCH = YES;
				"CODE_SIGN_IDENTITY[sdk=iphoneos*]" = "iPhone Developer";
				COPY_PHASE_STRIP = NO;
				DEBUG_INFORMATION_FORMAT = dwarf;
				ENABLE_STRICT_OBJC_MSGSEND = YES;
				ENABLE_TESTABILITY = YES;
				GCC_C_LANGUAGE_STANDARD = gnu99;
				GCC_DYNAMIC_NO_PIC = NO;
				GCC_NO_COMMON_BLOCKS = YES;
				GCC_OPTIMIZATION_LEVEL = 0;
				GCC_PREPROCESSOR_DEFINITIONS = (
					"DEBUG=1",
					"$(inherited)",
				);
				GCC_WARN_64_TO_32_BIT_CONVERSION = YES;
				GCC_WARN_ABOUT_RETURN_TYPE = YES_ERROR;
				GCC_WARN_UNDECLARED_SELECTOR = YES;
				GCC_WARN_UNINITIALIZED_AUTOS = YES_AGGRESSIVE;
				GCC_WARN_UNUSED_FUNCTION = YES;
				GCC_WARN_UNUSED_VARIABLE = YES;
				IPHONEOS_DEPLOYMENT_TARGET = 9.3;
				MTL_ENABLE_DEBUG_INFO = YES;
				ONLY_ACTIVE_ARCH = YES;
				SDKROOT = iphoneos;
			};
			name = Debug;
		};
		A46F85F01D04FA4B00A77ACC /* Release */ = {
			isa = XCBuildConfiguration;
			buildSettings = {
				ALWAYS_SEARCH_USER_PATHS = NO;
				CLANG_ANALYZER_NONNULL = YES;
				CLANG_CXX_LANGUAGE_STANDARD = "gnu++0x";
				CLANG_CXX_LIBRARY = "libc++";
				CLANG_ENABLE_MODULES = YES;
				CLANG_ENABLE_OBJC_ARC = YES;
				CLANG_WARN_BOOL_CONVERSION = YES;
				CLANG_WARN_CONSTANT_CONVERSION = YES;
				CLANG_WARN_DIRECT_OBJC_ISA_USAGE = YES_ERROR;
				CLANG_WARN_EMPTY_BODY = YES;
				CLANG_WARN_ENUM_CONVERSION = YES;
				CLANG_WARN_INT_CONVERSION = YES;
				CLANG_WARN_OBJC_ROOT_CLASS = YES_ERROR;
				CLANG_WARN_UNREACHABLE_CODE = YES;
				CLANG_WARN__DUPLICATE_METHOD_MATCH = YES;
				"CODE_SIGN_IDENTITY[sdk=iphoneos*]" = "iPhone Developer";
				COPY_PHASE_STRIP = NO;
				DEBUG_INFORMATION_FORMAT = "dwarf-with-dsym";
				ENABLE_NS_ASSERTIONS = NO;
				ENABLE_STRICT_OBJC_MSGSEND = YES;
				GCC_C_LANGUAGE_STANDARD = gnu99;
				GCC_NO_COMMON_BLOCKS = YES;
				GCC_WARN_64_TO_32_BIT_CONVERSION = YES;
				GCC_WARN_ABOUT_RETURN_TYPE = YES_ERROR;
				GCC_WARN_UNDECLARED_SELECTOR = YES;
				GCC_WARN_UNINITIALIZED_AUTOS = YES_AGGRESSIVE;
				GCC_WARN_UNUSED_FUNCTION = YES;
				GCC_WARN_UNUSED_VARIABLE = YES;
				IPHONEOS_DEPLOYMENT_TARGET = 9.3;
				MTL_ENABLE_DEBUG_INFO = NO;
				SDKROOT = iphoneos;
				VALIDATE_PRODUCT = YES;
			};
			name = Release;
		};
		A46F85F21D04FA4B00A77ACC /* Debug */ = {
			isa = XCBuildConfiguration;
			buildSettings = {
				OTHER_LDFLAGS = "-ObjC";
				PRODUCT_NAME = "$(TARGET_NAME)";
				SKIP_INSTALL = YES;
			};
			name = Debug;
		};
		A46F85F31D04FA4B00A77ACC /* Release */ = {
			isa = XCBuildConfiguration;
			buildSettings = {
				OTHER_LDFLAGS = "-ObjC";
				PRODUCT_NAME = "$(TARGET_NAME)";
				SKIP_INSTALL = YES;
			};
			name = Release;
		};
/* End XCBuildConfiguration section */

/* Begin XCConfigurationList section */
		A46F85E31D04FA4B00A77ACC /* Build configuration list for PBXProject "FalconIOSFramework" */ = {
			isa = XCConfigurationList;
			buildConfigurations = (
				A46F85EF1D04FA4B00A77ACC /* Debug */,
				A46F85F01D04FA4B00A77ACC /* Release */,
			);
			defaultConfigurationIsVisible = 0;
			defaultConfigurationName = Release;
		};
		A46F85F11D04FA4B00A77ACC /* Build configuration list for PBXNativeTarget "FalconIOSFramework" */ = {
			isa = XCConfigurationList;
			buildConfigurations = (
				A46F85F21D04FA4B00A77ACC /* Debug */,
				A46F85F31D04FA4B00A77ACC /* Release */,
			);
			defaultConfigurationIsVisible = 0;
		};
/* End XCConfigurationList section */
	};
	rootObject = A46F85E01D04FA4B00A77ACC /* Project object */;
}
